schema: '2.0'
stages:
  clean:
    cmd: python starter/clean_data.py -i data/census.csv -o data/census_clean.csv
    deps:
    - path: data/census.csv
      md5: 145de00f6e6053d3f7044628f9a5b5ff
      size: 3974474
    - path: starter/clean_data.py
      md5: a4ba15b6e984d70d3d06435c71636bc1
      size: 1009
    outs:
    - path: data/census_clean.csv
      md5: 12c208530a5680c15ae19b34152286dd
      size: 3518606
  train:
    cmd: python starter/train_model.py -i data/census_clean.csv -m model -M metrics
    deps:
    - path: data/census_clean.csv
      md5: 12c208530a5680c15ae19b34152286dd
      size: 3518606
    - path: starter/train_model.py
      md5: 04eb0de92b44619b4a8b3d4f40045bb5
      size: 3086
    outs:
    - path: metrics/test_metrics.json
      md5: a32549abbf9d787356403b3d8b2e3f93
      size: 92
    - path: metrics/train_metrics.json
      md5: 58344c2dd887313fd54bf46492133ffa
      size: 47
    - path: model/label_encoder.pkl
      md5: bbbe07b7e8b00e4c79796f8d7428c74f
      size: 358
    - path: model/model.pkl
      md5: 18f1ab9e170fe9acd7224d7f7d320f7a
      size: 65812438
